
Microsoft Visual Studio Solution File, Format Version 12.00
# Visual Studio Version 17
VisualStudioVersion = 17.11.35303.130
MinimumVisualStudioVersion = 10.0.40219.1
Project("{FAE04EC0-301F-11D3-BF4B-00C04F79EFBC}") = "ChessAndRice", "ChessAndRice.csproj", "{6094BF6F-5A17-4BD3-9B1F-E735B62FE8F7}"
EndProject
Global
	GlobalSection(SolutionConfigurationPlatforms) = preSolution
		Debug|Any CPU = Debug|Any CPU
		Release|Any CPU = Release|Any CPU
	EndGlobalSection
	GlobalSection(ProjectConfigurationPlatforms) = postSolution
		{6094BF6F-5A17-4BD3-9B1F-E735B62FE8F7}.Debug|Any CPU.ActiveCfg = Debug|Any CPU
		{6094BF6F-5A17-4BD3-9B1F-E735B62FE8F7}.Debug|Any CPU.Build.0 = Debug|Any CPU
		{6094BF6F-5A17-4BD3-9B1F-E735B62FE8F7}.Release|Any CPU.ActiveCfg = Release|Any CPU
		{6094BF6F-5A17-4BD3-9B1F-E735B62FE8F7}.Release|Any CPU.Build.0 = Release|Any CPU
	EndGlobalSection
	GlobalSection(SolutionProperties) = preSolution
		HideSolutionNode = FALSE
	EndGlobalSection
	GlobalSection(ExtensibilityGlobals) = postSolution
		SolutionGuid = {9D061863-91AC-4771-92AC-4B67EA54120E}
	EndGlobalSection
EndGlobal
